<?xml version="1.0" encoding="UTF-8" standalone="yes" ?>
<CodeBlocks_project_file>
	<FileVersion major="1" minor="6" />
	<Project>
		<Option title="spoon" />
		<Option pch_mode="2" />
		<Option compiler="gcc" />
		<Build>
			<Target title="Debug">
				<Option output="bin/Debug/spoon" prefix_auto="1" extension_auto="1" />
				<Option object_output="obj/Debug/" />
				<Option type="1" />
				<Option compiler="gcc" />
				<Option parameters="samples/wrong.spn samples/wrong.spn.bin" />
				<Compiler>
					<Add option="-g" />
					<Add option="-DEBUG" />
				</Compiler>
			</Target>
			<Target title="Release">
				<Option output="bin/Release/spoon" prefix_auto="1" extension_auto="1" />
				<Option object_output="obj/Release/" />
				<Option type="1" />
				<Option compiler="gcc" />
				<Option parameters="-r samples/manage.spn samples/manage.bin " />
				<Compiler>
					<Add option="-O2" />
				</Compiler>
				<Linker>
					<Add option="-s" />
				</Linker>
			</Target>
		</Build>
		<Compiler>
			<Add option="-std=c++11" />
			<Add option="-Wall" />
			<Add option="-fexceptions" />
		</Compiler>
		<Unit filename="builtins.h" />
		<Unit filename="compiler.cpp" />
		<Unit filename="compiler.h" />
		<Unit filename="error.cpp" />
		<Unit filename="error.h" />
		<Unit filename="linker.cpp" />
		<Unit filename="linker.h" />
		<Unit filename="linkval.cpp" />
		<Unit filename="linkval.h" />
		<Unit filename="main.cpp" />
		<Unit filename="object.h" />
		<Unit filename="parser.cpp" />
		<Unit filename="parser.h" />
		<Unit filename="printtree.cpp" />
		<Unit filename="printtree.h" />
		<Unit filename="resourcep.h" />
		<Unit filename="samples/add.spn" />
		<Unit filename="samples/array.spn" />
		<Unit filename="samples/beep.spn" />
		<Unit filename="samples/brainf.spn" />
		<Unit filename="samples/empty.spn" />
		<Unit filename="samples/equal.spn" />
		<Unit filename="samples/exporttest.spn" />
		<Unit filename="samples/fibonacci.spn" />
		<Unit filename="samples/flashtest.spn" />
		<Unit filename="samples/helloworld.spn" />
		<Unit filename="samples/hexedit.spn" />
		<Unit filename="samples/iftest.spn" />
		<Unit filename="samples/logicoperators.spn" />
		<Unit filename="samples/manage.spn" />
		<Unit filename="samples/movetest.spn" />
		<Unit filename="samples/new.spn" />
		<Unit filename="samples/screen.spn" />
		<Unit filename="samples/screen.test.spn" />
		<Unit filename="samples/strcmp.spn" />
		<Unit filename="samples/string.spn" />
		<Unit filename="samples/test.spn" />
		<Unit filename="stddefs" />
		<Unit filename="stdmath" />
		<Unit filename="stdmem" />
		<Unit filename="stdscreen">
			<Option compilerVar="CC" />
		</Unit>
		<Unit filename="syntaxtree.h" />
		<Unit filename="tokenizer.cpp" />
		<Unit filename="tokenizer.h" />
		<Unit filename="type.cpp" />
		<Unit filename="type.h" />
		<Unit filename="vardict.cpp" />
		<Unit filename="vardict.h" />
		<Extensions>
			<code_completion />
			<envvars />
			<debugger />
			<lib_finder disable_auto="1" />
			<DoxyBlocks>
				<comment_style block="0" line="0" />
				<doxyfile_project />
				<doxyfile_build />
				<doxyfile_warnings />
				<doxyfile_output />
				<doxyfile_dot />
				<general />
			</DoxyBlocks>
		</Extensions>
	</Project>
</CodeBlocks_project_file>
